
Microsoft Visual Studio Solution File, Format Version 12.00
# Visual Studio 15
VisualStudioVersion = 15.0.28307.168
MinimumVisualStudioVersion = 10.0.40219.1
Project("{FAE04EC0-301F-11D3-BF4B-00C04F79EFBC}") = "SNAPTest.Android", "SNAPTest\SNAPTest.Android\SNAPTest.Android.csproj", "{B2CE97D6-A212-4D53-BAC3-53F3196935DB}"
EndProject
Project("{FAE04EC0-301F-11D3-BF4B-00C04F79EFBC}") = "SNAPTest.iOS", "SNAPTest\SNAPTest.iOS\SNAPTest.iOS.csproj", "{E4AE609D-13DD-4392-B9D7-F3AC337CF5F1}"
EndProject
Project("{FAE04EC0-301F-11D3-BF4B-00C04F79EFBC}") = "SNAPTest", "SNAPTest\SNAPTest\SNAPTest.csproj", "{A77E0AAB-8CBA-45C8-A0B6-539830CFF05E}"
EndProject
Global
	GlobalSection(SolutionConfigurationPlatforms) = preSolution
		Ad-Hoc|Any CPU = Ad-Hoc|Any CPU
		Ad-Hoc|iPhone = Ad-Hoc|iPhone
		Ad-Hoc|iPhoneSimulator = Ad-Hoc|iPhoneSimulator
		AppStore|Any CPU = AppStore|Any CPU
		AppStore|iPhone = AppStore|iPhone
		AppStore|iPhoneSimulator = AppStore|iPhoneSimulator
		Debug|Any CPU = Debug|Any CPU
		Debug|iPhone = Debug|iPhone
		Debug|iPhoneSimulator = Debug|iPhoneSimulator
		Release|Any CPU = Release|Any CPU
		Release|iPhone = Release|iPhone
		Release|iPhoneSimulator = Release|iPhoneSimulator
	EndGlobalSection
	GlobalSection(ProjectConfigurationPlatforms) = postSolution
		{B2CE97D6-A212-4D53-BAC3-53F3196935DB}.Ad-Hoc|Any CPU.ActiveCfg = Release|Any CPU
		{B2CE97D6-A212-4D53-BAC3-53F3196935DB}.Ad-Hoc|Any CPU.Build.0 = Release|Any CPU
		{B2CE97D6-A212-4D53-BAC3-53F3196935DB}.Ad-Hoc|Any CPU.Deploy.0 = Release|Any CPU
		{B2CE97D6-A212-4D53-BAC3-53F3196935DB}.Ad-Hoc|iPhone.ActiveCfg = Release|Any CPU
		{B2CE97D6-A212-4D53-BAC3-53F3196935DB}.Ad-Hoc|iPhone.Build.0 = Release|Any CPU
		{B2CE97D6-A212-4D53-BAC3-53F3196935DB}.Ad-Hoc|iPhone.Deploy.0 = Release|Any CPU
		{B2CE97D6-A212-4D53-BAC3-53F3196935DB}.Ad-Hoc|iPhoneSimulator.ActiveCfg = Release|Any CPU
		{B2CE97D6-A212-4D53-BAC3-53F3196935DB}.Ad-Hoc|iPhoneSimulator.Build.0 = Release|Any CPU
		{B2CE97D6-A212-4D53-BAC3-53F3196935DB}.Ad-Hoc|iPhoneSimulator.Deploy.0 = Release|Any CPU
		{B2CE97D6-A212-4D53-BAC3-53F3196935DB}.AppStore|Any CPU.ActiveCfg = Release|Any CPU
		{B2CE97D6-A212-4D53-BAC3-53F3196935DB}.AppStore|Any CPU.Build.0 = Release|Any CPU
		{B2CE97D6-A212-4D53-BAC3-53F3196935DB}.AppStore|Any CPU.Deploy.0 = Release|Any CPU
		{B2CE97D6-A212-4D53-BAC3-53F3196935DB}.AppStore|iPhone.ActiveCfg = Release|Any CPU
		{B2CE97D6-A212-4D53-BAC3-53F3196935DB}.AppStore|iPhone.Build.0 = Release|Any CPU
		{B2CE97D6-A212-4D53-BAC3-53F3196935DB}.AppStore|iPhone.Deploy.0 = Release|Any CPU
		{B2CE97D6-A212-4D53-BAC3-53F3196935DB}.AppStore|iPhoneSimulator.ActiveCfg = Release|Any CPU
		{B2CE97D6-A212-4D53-BAC3-53F3196935DB}.AppStore|iPhoneSimulator.Build.0 = Release|Any CPU
		{B2CE97D6-A212-4D53-BAC3-53F3196935DB}.AppStore|iPhoneSimulator.Deploy.0 = Release|Any CPU
		{B2CE97D6-A212-4D53-BAC3-53F3196935DB}.Debug|Any CPU.ActiveCfg = Debug|Any CPU
		{B2CE97D6-A212-4D53-BAC3-53F3196935DB}.Debug|Any CPU.Build.0 = Debug|Any CPU
		{B2CE97D6-A212-4D53-BAC3-53F3196935DB}.Debug|Any CPU.Deploy.0 = Debug|Any CPU
		{B2CE97D6-A212-4D53-BAC3-53F3196935DB}.Debug|iPhone.ActiveCfg = Debug|Any CPU
		{B2CE97D6-A212-4D53-BAC3-53F3196935DB}.Debug|iPhone.Build.0 = Debug|Any CPU
		{B2CE97D6-A212-4D53-BAC3-53F3196935DB}.Debug|iPhone.Deploy.0 = Debug|Any CPU
		{B2CE97D6-A212-4D53-BAC3-53F3196935DB}.Debug|iPhoneSimulator.ActiveCfg = Debug|Any CPU
		{B2CE97D6-A212-4D53-BAC3-53F3196935DB}.Debug|iPhoneSimulator.Build.0 = Debug|Any CPU
		{B2CE97D6-A212-4D53-BAC3-53F3196935DB}.Debug|iPhoneSimulator.Deploy.0 = Debug|Any CPU
		{B2CE97D6-A212-4D53-BAC3-53F3196935DB}.Release|Any CPU.ActiveCfg = Release|Any CPU
		{B2CE97D6-A212-4D53-BAC3-53F3196935DB}.Release|Any CPU.Build.0 = Release|Any CPU
		{B2CE97D6-A212-4D53-BAC3-53F3196935DB}.Release|Any CPU.Deploy.0 = Release|Any CPU
		{B2CE97D6-A212-4D53-BAC3-53F3196935DB}.Release|iPhone.ActiveCfg = Release|Any CPU
		{B2CE97D6-A212-4D53-BAC3-53F3196935DB}.Release|iPhone.Build.0 = Release|Any CPU
		{B2CE97D6-A212-4D53-BAC3-53F3196935DB}.Release|iPhone.Deploy.0 = Release|Any CPU
		{B2CE97D6-A212-4D53-BAC3-53F3196935DB}.Release|iPhoneSimulator.ActiveCfg = Release|Any CPU
		{B2CE97D6-A212-4D53-BAC3-53F3196935DB}.Release|iPhoneSimulator.Build.0 = Release|Any CPU
		{B2CE97D6-A212-4D53-BAC3-53F3196935DB}.Release|iPhoneSimulator.Deploy.0 = Release|Any CPU
		{E4AE609D-13DD-4392-B9D7-F3AC337CF5F1}.Ad-Hoc|Any CPU.ActiveCfg = Ad-Hoc|iPhone
		{E4AE609D-13DD-4392-B9D7-F3AC337CF5F1}.Ad-Hoc|Any CPU.Build.0 = Ad-Hoc|iPhone
		{E4AE609D-13DD-4392-B9D7-F3AC337CF5F1}.Ad-Hoc|Any CPU.Deploy.0 = Ad-Hoc|iPhone
		{E4AE609D-13DD-4392-B9D7-F3AC337CF5F1}.Ad-Hoc|iPhone.ActiveCfg = Ad-Hoc|iPhone
		{E4AE609D-13DD-4392-B9D7-F3AC337CF5F1}.Ad-Hoc|iPhone.Build.0 = Ad-Hoc|iPhone
		{E4AE609D-13DD-4392-B9D7-F3AC337CF5F1}.Ad-Hoc|iPhone.Deploy.0 = Ad-Hoc|iPhone
		{E4AE609D-13DD-4392-B9D7-F3AC337CF5F1}.Ad-Hoc|iPhoneSimulator.ActiveCfg = Ad-Hoc|iPhoneSimulator
		{E4AE609D-13DD-4392-B9D7-F3AC337CF5F1}.Ad-Hoc|iPhoneSimulator.Build.0 = Ad-Hoc|iPhoneSimulator
		{E4AE609D-13DD-4392-B9D7-F3AC337CF5F1}.Ad-Hoc|iPhoneSimulator.Deploy.0 = Ad-Hoc|iPhoneSimulator
		{E4AE609D-13DD-4392-B9D7-F3AC337CF5F1}.AppStore|Any CPU.ActiveCfg = AppStore|iPhone
		{E4AE609D-13DD-4392-B9D7-F3AC337CF5F1}.AppStore|Any CPU.Build.0 = AppStore|iPhone
		{E4AE609D-13DD-4392-B9D7-F3AC337CF5F1}.AppStore|Any CPU.Deploy.0 = AppStore|iPhone
		{E4AE609D-13DD-4392-B9D7-F3AC337CF5F1}.AppStore|iPhone.ActiveCfg = AppStore|iPhone
		{E4AE609D-13DD-4392-B9D7-F3AC337CF5F1}.AppStore|iPhone.Build.0 = AppStore|iPhone
		{E4AE609D-13DD-4392-B9D7-F3AC337CF5F1}.AppStore|iPhone.Deploy.0 = AppStore|iPhone
		{E4AE609D-13DD-4392-B9D7-F3AC337CF5F1}.AppStore|iPhoneSimulator.ActiveCfg = AppStore|iPhoneSimulator
		{E4AE609D-13DD-4392-B9D7-F3AC337CF5F1}.AppStore|iPhoneSimulator.Build.0 = AppStore|iPhoneSimulator
		{E4AE609D-13DD-4392-B9D7-F3AC337CF5F1}.AppStore|iPhoneSimulator.Deploy.0 = AppStore|iPhoneSimulator
		{E4AE609D-13DD-4392-B9D7-F3AC337CF5F1}.Debug|Any CPU.ActiveCfg = Debug|iPhoneSimulator
		{E4AE609D-13DD-4392-B9D7-F3AC337CF5F1}.Debug|Any CPU.Build.0 = Debug|iPhoneSimulator
		{E4AE609D-13DD-4392-B9D7-F3AC337CF5F1}.Debug|Any CPU.Deploy.0 = Debug|iPhoneSimulator
		{E4AE609D-13DD-4392-B9D7-F3AC337CF5F1}.Debug|iPhone.ActiveCfg = Debug|iPhone
		{E4AE609D-13DD-4392-B9D7-F3AC337CF5F1}.Debug|iPhone.Build.0 = Debug|iPhone
		{E4AE609D-13DD-4392-B9D7-F3AC337CF5F1}.Debug|iPhone.Deploy.0 = Debug|iPhone
		{E4AE609D-13DD-4392-B9D7-F3AC337CF5F1}.Debug|iPhoneSimulator.ActiveCfg = Debug|iPhoneSimulator
		{E4AE609D-13DD-4392-B9D7-F3AC337CF5F1}.Debug|iPhoneSimulator.Build.0 = Debug|iPhoneSimulator
		{E4AE609D-13DD-4392-B9D7-F3AC337CF5F1}.Debug|iPhoneSimulator.Deploy.0 = Debug|iPhoneSimulator
		{E4AE609D-13DD-4392-B9D7-F3AC337CF5F1}.Release|Any CPU.ActiveCfg = Release|iPhone
		{E4AE609D-13DD-4392-B9D7-F3AC337CF5F1}.Release|Any CPU.Build.0 = Release|iPhone
		{E4AE609D-13DD-4392-B9D7-F3AC337CF5F1}.Release|Any CPU.Deploy.0 = Release|iPhone
		{E4AE609D-13DD-4392-B9D7-F3AC337CF5F1}.Release|iPhone.ActiveCfg = Release|iPhone
		{E4AE609D-13DD-4392-B9D7-F3AC337CF5F1}.Release|iPhone.Build.0 = Release|iPhone
		{E4AE609D-13DD-4392-B9D7-F3AC337CF5F1}.Release|iPhone.Deploy.0 = Release|iPhone
		{E4AE609D-13DD-4392-B9D7-F3AC337CF5F1}.Release|iPhoneSimulator.ActiveCfg = Release|iPhoneSimulator
		{E4AE609D-13DD-4392-B9D7-F3AC337CF5F1}.Release|iPhoneSimulator.Build.0 = Release|iPhoneSimulator
		{E4AE609D-13DD-4392-B9D7-F3AC337CF5F1}.Release|iPhoneSimulator.Deploy.0 = Release|iPhoneSimulator
		{A77E0AAB-8CBA-45C8-A0B6-539830CFF05E}.Ad-Hoc|Any CPU.ActiveCfg = Debug|Any CPU
		{A77E0AAB-8CBA-45C8-A0B6-539830CFF05E}.Ad-Hoc|Any CPU.Build.0 = Debug|Any CPU
		{A77E0AAB-8CBA-45C8-A0B6-539830CFF05E}.Ad-Hoc|Any CPU.Deploy.0 = Debug|Any CPU
		{A77E0AAB-8CBA-45C8-A0B6-539830CFF05E}.Ad-Hoc|iPhone.ActiveCfg = Debug|Any CPU
		{A77E0AAB-8CBA-45C8-A0B6-539830CFF05E}.Ad-Hoc|iPhone.Build.0 = Debug|Any CPU
		{A77E0AAB-8CBA-45C8-A0B6-539830CFF05E}.Ad-Hoc|iPhone.Deploy.0 = Debug|Any CPU
		{A77E0AAB-8CBA-45C8-A0B6-539830CFF05E}.Ad-Hoc|iPhoneSimulator.ActiveCfg = Debug|Any CPU
		{A77E0AAB-8CBA-45C8-A0B6-539830CFF05E}.Ad-Hoc|iPhoneSimulator.Build.0 = Debug|Any CPU
		{A77E0AAB-8CBA-45C8-A0B6-539830CFF05E}.Ad-Hoc|iPhoneSimulator.Deploy.0 = Debug|Any CPU
		{A77E0AAB-8CBA-45C8-A0B6-539830CFF05E}.AppStore|Any CPU.ActiveCfg = Debug|Any CPU
		{A77E0AAB-8CBA-45C8-A0B6-539830CFF05E}.AppStore|Any CPU.Build.0 = Debug|Any CPU
		{A77E0AAB-8CBA-45C8-A0B6-539830CFF05E}.AppStore|Any CPU.Deploy.0 = Debug|Any CPU
		{A77E0AAB-8CBA-45C8-A0B6-539830CFF05E}.AppStore|iPhone.ActiveCfg = Debug|Any CPU
		{A77E0AAB-8CBA-45C8-A0B6-539830CFF05E}.AppStore|iPhone.Build.0 = Debug|Any CPU
		{A77E0AAB-8CBA-45C8-A0B6-539830CFF05E}.AppStore|iPhone.Deploy.0 = Debug|Any CPU
		{A77E0AAB-8CBA-45C8-A0B6-539830CFF05E}.AppStore|iPhoneSimulator.ActiveCfg = Debug|Any CPU
		{A77E0AAB-8CBA-45C8-A0B6-539830CFF05E}.AppStore|iPhoneSimulator.Build.0 = Debug|Any CPU
		{A77E0AAB-8CBA-45C8-A0B6-539830CFF05E}.AppStore|iPhoneSimulator.Deploy.0 = Debug|Any CPU
		{A77E0AAB-8CBA-45C8-A0B6-539830CFF05E}.Debug|Any CPU.ActiveCfg = Debug|Any CPU
		{A77E0AAB-8CBA-45C8-A0B6-539830CFF05E}.Debug|Any CPU.Build.0 = Debug|Any CPU
		{A77E0AAB-8CBA-45C8-A0B6-539830CFF05E}.Debug|Any CPU.Deploy.0 = Debug|Any CPU
		{A77E0AAB-8CBA-45C8-A0B6-539830CFF05E}.Debug|iPhone.ActiveCfg = Debug|Any CPU
		{A77E0AAB-8CBA-45C8-A0B6-539830CFF05E}.Debug|iPhone.Build.0 = Debug|Any CPU
		{A77E0AAB-8CBA-45C8-A0B6-539830CFF05E}.Debug|iPhone.Deploy.0 = Debug|Any CPU
		{A77E0AAB-8CBA-45C8-A0B6-539830CFF05E}.Debug|iPhoneSimulator.ActiveCfg = Debug|Any CPU
		{A77E0AAB-8CBA-45C8-A0B6-539830CFF05E}.Debug|iPhoneSimulator.Build.0 = Debug|Any CPU
		{A77E0AAB-8CBA-45C8-A0B6-539830CFF05E}.Debug|iPhoneSimulator.Deploy.0 = Debug|Any CPU
		{A77E0AAB-8CBA-45C8-A0B6-539830CFF05E}.Release|Any CPU.ActiveCfg = Release|Any CPU
		{A77E0AAB-8CBA-45C8-A0B6-539830CFF05E}.Release|Any CPU.Build.0 = Release|Any CPU
		{A77E0AAB-8CBA-45C8-A0B6-539830CFF05E}.Release|Any CPU.Deploy.0 = Release|Any CPU
		{A77E0AAB-8CBA-45C8-A0B6-539830CFF05E}.Release|iPhone.ActiveCfg = Release|Any CPU
		{A77E0AAB-8CBA-45C8-A0B6-539830CFF05E}.Release|iPhone.Build.0 = Release|Any CPU
		{A77E0AAB-8CBA-45C8-A0B6-539830CFF05E}.Release|iPhone.Deploy.0 = Release|Any CPU
		{A77E0AAB-8CBA-45C8-A0B6-539830CFF05E}.Release|iPhoneSimulator.ActiveCfg = Release|Any CPU
		{A77E0AAB-8CBA-45C8-A0B6-539830CFF05E}.Release|iPhoneSimulator.Build.0 = Release|Any CPU
		{A77E0AAB-8CBA-45C8-A0B6-539830CFF05E}.Release|iPhoneSimulator.Deploy.0 = Release|Any CPU
	EndGlobalSection
	GlobalSection(SolutionProperties) = preSolution
		HideSolutionNode = FALSE
	EndGlobalSection
	GlobalSection(ExtensibilityGlobals) = postSolution
		SolutionGuid = {85D486C1-3C13-401D-A6B0-44C9E6EC3F49}
	EndGlobalSection
EndGlobal
